<Solution>
  <Project Path="Unity.Timeline.csproj" />
  <Project Path="Assembly-CSharp.csproj" />
  <Project Path="Unity.Timeline.Editor.csproj" />
  <Project Path="Unity.VisualStudio.Editor.csproj" />
  <Project Path="Assembly-CSharp-Editor.csproj" />
  <Project Path="Unity.Postprocessing.Runtime.csproj" />
  <Project Path="Unity.Postprocessing.Editor.csproj" />
</Solution>
